
Microsoft Visual Studio Solution File, Format Version 12.00
# Visual Studio Version 16
VisualStudioVersion = 16.0.32802.440
MinimumVisualStudioVersion = 10.0.40219.1
Project("{FAE04EC0-301F-11D3-BF4B-00C04F79EFBC}") = "EjerciciosCAI", "EjerciciosCAI\EjerciciosCAI.csproj", "{BC19906E-DB10-4D62-8F03-142E45362C2A}"
EndProject
Global
	GlobalSection(SolutionConfigurationPlatforms) = preSolution
		Debug|Any CPU = Debug|Any CPU
		Release|Any CPU = Release|Any CPU
	EndGlobalSection
	GlobalSection(ProjectConfigurationPlatforms) = postSolution
		{BC19906E-DB10-4D62-8F03-142E45362C2A}.Debug|Any CPU.ActiveCfg = Debug|Any CPU
		{BC19906E-DB10-4D62-8F03-142E45362C2A}.Debug|Any CPU.Build.0 = Debug|Any CPU
		{BC19906E-DB10-4D62-8F03-142E45362C2A}.Release|Any CPU.ActiveCfg = Release|Any CPU
		{BC19906E-DB10-4D62-8F03-142E45362C2A}.Release|Any CPU.Build.0 = Release|Any CPU
	EndGlobalSection
	GlobalSection(SolutionProperties) = preSolution
		HideSolutionNode = FALSE
	EndGlobalSection
	GlobalSection(ExtensibilityGlobals) = postSolution
		SolutionGuid = {A873D82C-BE74-42A6-9299-FA991320BA21}
	EndGlobalSection
EndGlobal
